{
  "requires": true,
  "lockfileVersion": 1,
  "dependencies": {
    "jquery": {
      "version": "3.3.1",
      "resolved": "https://registry.npmjs.org/jquery/-/jquery-3.3.1.tgz",
      "integrity": "sha512-Ubldcmxp5np52/ENotGxlLe6aGMvmF4R8S6tZjsP6Knsaxd/xp3Zrh50cG93lR6nPXyUFwzN3ZSOQI0wRJNdGg=="
    },
    "password-strength-meter": {
      "version": "1.2.2",
      "resolved": "https://registry.npmjs.org/password-strength-meter/-/password-strength-meter-1.2.2.tgz",
      "integrity": "sha512-us4S3GPJZQGepydf/La6MUPDJYBuWdDGb/p9RUibsqHrp+0o26qhoaGRnz9Gp5m9sui4KsOep9mmBI/0RrNt+w=="
    },
    "zxcvbn": {
      "version": "4.4.2",
      "resolved": "https://registry.npmjs.org/zxcvbn/-/zxcvbn-4.4.2.tgz",
      "integrity": "sha1-KOwXzwl0PtyrBW3dixsGJizHPDA="
    }
  }
}
